
Microsoft Visual Studio Solution File, Format Version 12.00
# Visual Studio Version 16
VisualStudioVersion = 16.0.29403.142
MinimumVisualStudioVersion = 10.0.40219.1
Project("{8BC9CEB8-8B4A-11D0-8D11-00A0C91BC942}") = "国庆作业8", "国庆作业8.vcxproj", "{33178325-600B-40DA-B3EA-852EFE3739FF}"
EndProject
Global
	GlobalSection(SolutionConfigurationPlatforms) = preSolution
		Debug|x64 = Debug|x64
		Debug|x86 = Debug|x86
		Release|x64 = Release|x64
		Release|x86 = Release|x86
	EndGlobalSection
	GlobalSection(ProjectConfigurationPlatforms) = postSolution
		{33178325-600B-40DA-B3EA-852EFE3739FF}.Debug|x64.ActiveCfg = Debug|x64
		{33178325-600B-40DA-B3EA-852EFE3739FF}.Debug|x64.Build.0 = Debug|x64
		{33178325-600B-40DA-B3EA-852EFE3739FF}.Debug|x86.ActiveCfg = Debug|Win32
		{33178325-600B-40DA-B3EA-852EFE3739FF}.Debug|x86.Build.0 = Debug|Win32
		{33178325-600B-40DA-B3EA-852EFE3739FF}.Release|x64.ActiveCfg = Release|x64
		{33178325-600B-40DA-B3EA-852EFE3739FF}.Release|x64.Build.0 = Release|x64
		{33178325-600B-40DA-B3EA-852EFE3739FF}.Release|x86.ActiveCfg = Release|Win32
		{33178325-600B-40DA-B3EA-852EFE3739FF}.Release|x86.Build.0 = Release|Win32
	EndGlobalSection
	GlobalSection(SolutionProperties) = preSolution
		HideSolutionNode = FALSE
	EndGlobalSection
	GlobalSection(ExtensibilityGlobals) = postSolution
		SolutionGuid = {514162A3-82B5-4EBD-9B7C-D46E2705D1A4}
	EndGlobalSection
EndGlobal
